// !$*UTF8*$!
{
	archiveVersion = 1;
	classes = {
	};
	objectVersion = 46;
	objects = {

/* Begin PBXBuildFile section */
		E975BD981E119944008802B3 /* AppDelegate.swift in Sources */ = {isa = PBXBuildFile; fileRef = E975BD971E119944008802B3 /* AppDelegate.swift */; };
		E975BD9A1E119945008802B3 /* ViewController.swift in Sources */ = {isa = PBXBuildFile; fileRef = E975BD991E119945008802B3 /* ViewController.swift */; };
		E975BD9D1E119945008802B3 /* Main.storyboard in Resources */ = {isa = PBXBuildFile; fileRef = E975BD9B1E119945008802B3 /* Main.storyboard */; };
		E975BD9F1E119945008802B3 /* Assets.xcassets in Resources */ = {isa = PBXBuildFile; fileRef = E975BD9E1E119945008802B3 /* Assets.xcassets */; };
		E975BDA21E119945008802B3 /* LaunchScreen.storyboard in Resources */ = {isa = PBXBuildFile; fileRef = E975BDA01E119945008802B3 /* LaunchScreen.storyboard */; };
		E975BDAC1E119C2F008802B3 /* mouse.png in Resources */ = {isa = PBXBuildFile; fileRef = E975BDAA1E119C2F008802B3 /* mouse.png */; };
		E975BDAD1E119C2F008802B3 /* mouse@2x.png in Resources */ = {isa = PBXBuildFile; fileRef = E975BDAB1E119C2F008802B3 /* mouse@2x.png */; };
/* End PBXBuildFile section */

/* Begin PBXFileReference section */
		E975BD941E119944008802B3 /* Project27.app */ = {isa = PBXFileReference; explicitFileType = wrapper.application; includeInIndex = 0; path = Project27.app; sourceTree = BUILT_PRODUCTS_DIR; };
		E975BD971E119944008802B3 /* AppDelegate.swift */ = {isa = PBXFileReference; lastKnownFileType = sourcecode.swift; path = AppDelegate.swift; sourceTree = "<group>"; };
		E975BD991E119945008802B3 /* ViewController.swift */ = {isa = PBXFileReference; lastKnownFileType = sourcecode.swift; path = ViewController.swift; sourceTree = "<group>"; };
		E975BD9C1E119945008802B3 /* Base */ = {isa = PBXFileReference; lastKnownFileType = file.storyboard; name = Base; path = Base.lproj/Main.storyboard; sourceTree = "<group>"; };
		E975BD9E1E119945008802B3 /* Assets.xcassets */ = {isa = PBXFileReference; lastKnownFileType = folder.assetcatalog; path = Assets.xcassets; sourceTree = "<group>"; };
		E975BDA11E119945008802B3 /* Base */ = {isa = PBXFileReference; lastKnownFileType = file.storyboard; name = Base; path = Base.lproj/LaunchScreen.storyboard; sourceTree = "<group>"; };
		E975BDA31E119945008802B3 /* Info.plist */ = {isa = PBXFileReference; lastKnownFileType = text.plist.xml; path = Info.plist; sourceTree = "<group>"; };
		E975BDAA1E119C2F008802B3 /* mouse.png */ = {isa = PBXFileReference; lastKnownFileType = image.png; path = mouse.png; sourceTree = "<group>"; };
		E975BDAB1E119C2F008802B3 /* mouse@2x.png */ = {isa = PBXFileReference; lastKnownFileType = image.png; path = "mouse@2x.png"; sourceTree = "<group>"; };
/* End PBXFileReference section */

/* Begin PBXFrameworksBuildPhase section */
		E975BD911E119944008802B3 /* Frameworks */ = {
			isa = PBXFrameworksBuildPhase;
			buildActionMask = 2147483647;
			files = (
			);
			runOnlyForDeploymentPostprocessing = 0;
		};
/* End PBXFrameworksBuildPhase section */

/* Begin PBXGroup section */
		E975BD8B1E119944008802B3 = {
			isa = PBXGroup;
			children = (
				E975BD961E119944008802B3 /* Project27 */,
				E975BD951E119944008802B3 /* Products */,
			);
			sourceTree = "<group>";
		};
		E975BD951E119944008802B3 /* Products */ = {
			isa = PBXGroup;
			children = (
				E975BD941E119944008802B3 /* Project27.app */,
			);
			name = Products;
			sourceTree = "<group>";
		};
		E975BD961E119944008802B3 /* Project27 */ = {
			isa = PBXGroup;
			children = (
				E975BD971E119944008802B3 /* AppDelegate.swift */,
				E975BD991E119945008802B3 /* ViewController.swift */,
				E975BD9B1E119945008802B3 /* Main.storyboard */,
				E975BD9E1E119945008802B3 /* Assets.xcassets */,
				E975BDA01E119945008802B3 /* LaunchScreen.storyboard */,
				E975BDA31E119945008802B3 /* Info.plist */,
				E975BDA91E119C1C008802B3 /* Content */,
			);
			path = Project27;
			sourceTree = "<group>";
		};
		E975BDA91E119C1C008802B3 /* Content */ = {
			isa = PBXGroup;
			children = (
				E975BDAA1E119C2F008802B3 /* mouse.png */,
				E975BDAB1E119C2F008802B3 /* mouse@2x.png */,
			);
			name = Content;
			sourceTree = "<group>";
		};
/* End PBXGroup section */

/* Begin PBXNativeTarget section */
		E975BD931E119944008802B3 /* Project27 */ = {
			isa = PBXNativeTarget;
			buildConfigurationList = E975BDA61E119945008802B3 /* Build configuration list for PBXNativeTarget "Project27" */;
			buildPhases = (
				E975BD901E119944008802B3 /* Sources */,
				E975BD911E119944008802B3 /* Frameworks */,
				E975BD921E119944008802B3 /* Resources */,
			);
			buildRules = (
			);
			dependencies = (
			);
			name = Project27;
			productName = Project27;
			productReference = E975BD941E119944008802B3 /* Project27.app */;
			productType = "com.apple.product-type.application";
		};
/* End PBXNativeTarget section */

/* Begin PBXProject section */
		E975BD8C1E119944008802B3 /* Project object */ = {
			isa = PBXProject;
			attributes = {
				LastSwiftUpdateCheck = 0820;
				LastUpgradeCheck = 0820;
				ORGANIZATIONNAME = "DevFountain LLC";
				TargetAttributes = {
					E975BD931E119944008802B3 = {
						CreatedOnToolsVersion = 8.2.1;
						DevelopmentTeam = X9M5Y5BW7N;
						ProvisioningStyle = Automatic;
					};
				};
			};
			buildConfigurationList = E975BD8F1E119944008802B3 /* Build configuration list for PBXProject "Project27" */;
			compatibilityVersion = "Xcode 3.2";
			developmentRegion = English;
			hasScannedForEncodings = 0;
			knownRegions = (
				en,
				Base,
			);
			mainGroup = E975BD8B1E119944008802B3;
			productRefGroup = E975BD951E119944008802B3 /* Products */;
			projectDirPath = "";
			projectRoot = "";
			targets = (
				E975BD931E119944008802B3 /* Project27 */,
			);
		};
/* End PBXProject section */

/* Begin PBXResourcesBuildPhase section */
		E975BD921E119944008802B3 /* Resources */ = {
			isa = PBXResourcesBuildPhase;
			buildActionMask = 2147483647;
			files = (
				E975BDAD1E119C2F008802B3 /* mouse@2x.png in Resources */,
				E975BDA21E119945008802B3 /* LaunchScreen.storyboard in Resources */,
				E975BDAC1E119C2F008802B3 /* mouse.png in Resources */,
				E975BD9F1E119945008802B3 /* Assets.xcassets in Resources */,
				E975BD9D1E119945008802B3 /* Main.storyboard in Resources */,
			);
			runOnlyForDeploymentPostprocessing = 0;
		};
/* End PBXResourcesBuildPhase section */

/* Begin PBXSourcesBuildPhase section */
		E975BD901E119944008802B3 /* Sources */ = {
			isa = PBXSourcesBuildPhase;
			buildActionMask = 2147483647;
			files = (
				E975BD9A1E119945008802B3 /* ViewController.swift in Sources */,
				E975BD981E119944008802B3 /* AppDelegate.swift in Sources */,
			);
			runOnlyForDeploymentPostprocessing = 0;
		};
/* End PBXSourcesBuildPhase section */

/* Begin PBXVariantGroup section */
		E975BD9B1E119945008802B3 /* Main.storyboard */ = {
			isa = PBXVariantGroup;
			children = (
				E975BD9C1E119945008802B3 /* Base */,
			);
			name = Main.storyboard;
			sourceTree = "<group>";
		};
		E975BDA01E119945008802B3 /* LaunchScreen.storyboard */ = {
			isa = PBXVariantGroup;
			children = (
				E975BDA11E119945008802B3 /* Base */,
			);
			name = LaunchScreen.storyboard;
			sourceTree = "<group>";
		};
/* End PBXVariantGroup section */

/* Begin XCBuildConfiguration section */
		E975BDA41E119945008802B3 /* Debug */ = {
			isa = XCBuildConfiguration;
			buildSettings = {
				ALWAYS_SEARCH_USER_PATHS = NO;
				CLANG_ANALYZER_NONNULL = YES;
				CLANG_CXX_LANGUAGE_STANDARD = "gnu++0x";
				CLANG_CXX_LIBRARY = "libc++";
				CLANG_ENABLE_MODULES = YES;
				CLANG_ENABLE_OBJC_ARC = YES;
				CLANG_WARN_BOOL_CONVERSION = YES;
				CLANG_WARN_CONSTANT_CONVERSION = YES;
				CLANG_WARN_DIRECT_OBJC_ISA_USAGE = YES_ERROR;
				CLANG_WARN_DOCUMENTATION_COMMENTS = YES;
				CLANG_WARN_EMPTY_BODY = YES;
				CLANG_WARN_ENUM_CONVERSION = YES;
				CLANG_WARN_INFINITE_RECURSION = YES;
				CLANG_WARN_INT_CONVERSION = YES;
				CLANG_WARN_OBJC_ROOT_CLASS = YES_ERROR;
				CLANG_WARN_SUSPICIOUS_MOVE = YES;
				CLANG_WARN_UNREACHABLE_CODE = YES;
				CLANG_WARN__DUPLICATE_METHOD_MATCH = YES;
				"CODE_SIGN_IDENTITY[sdk=iphoneos*]" = "iPhone Developer";
				COPY_PHASE_STRIP = NO;
				DEBUG_INFORMATION_FORMAT = dwarf;
				ENABLE_STRICT_OBJC_MSGSEND = YES;
				ENABLE_TESTABILITY = YES;
				GCC_C_LANGUAGE_STANDARD = gnu99;
				GCC_DYNAMIC_NO_PIC = NO;
				GCC_NO_COMMON_BLOCKS = YES;
				GCC_OPTIMIZATION_LEVEL = 0;
				GCC_PREPROCESSOR_DEFINITIONS = (
					"DEBUG=1",
					"$(inherited)",
				);
				GCC_WARN_64_TO_32_BIT_CONVERSION = YES;
				GCC_WARN_ABOUT_RETURN_TYPE = YES_ERROR;
				GCC_WARN_UNDECLARED_SELECTOR = YES;
				GCC_WARN_UNINITIALIZED_AUTOS = YES_AGGRESSIVE;
				GCC_WARN_UNUSED_FUNCTION = YES;
				GCC_WARN_UNUSED_VARIABLE = YES;
				IPHONEOS_DEPLOYMENT_TARGET = 10.2;
				MTL_ENABLE_DEBUG_INFO = YES;
				ONLY_ACTIVE_ARCH = YES;
				SDKROOT = iphoneos;
				SWIFT_ACTIVE_COMPILATION_CONDITIONS = DEBUG;
				SWIFT_OPTIMIZATION_LEVEL = "-Onone";
				TARGETED_DEVICE_FAMILY = 2;
			};
			name = Debug;
		};
		E975BDA51E119945008802B3 /* Release */ = {
			isa = XCBuildConfiguration;
			buildSettings = {
				ALWAYS_SEARCH_USER_PATHS = NO;
				CLANG_ANALYZER_NONNULL = YES;
				CLANG_CXX_LANGUAGE_STANDARD = "gnu++0x";
				CLANG_CXX_LIBRARY = "libc++";
				CLANG_ENABLE_MODULES = YES;
				CLANG_ENABLE_OBJC_ARC = YES;
				CLANG_WARN_BOOL_CONVERSION = YES;
				CLANG_WARN_CONSTANT_CONVERSION = YES;
				CLANG_WARN_DIRECT_OBJC_ISA_USAGE = YES_ERROR;
				CLANG_WARN_DOCUMENTATION_COMMENTS = YES;
				CLANG_WARN_EMPTY_BODY = YES;
				CLANG_WARN_ENUM_CONVERSION = YES;
				CLANG_WARN_INFINITE_RECURSION = YES;
				CLANG_WARN_INT_CONVERSION = YES;
				CLANG_WARN_OBJC_ROOT_CLASS = YES_ERROR;
				CLANG_WARN_SUSPICIOUS_MOVE = YES;
				CLANG_WARN_UNREACHABLE_CODE = YES;
				CLANG_WARN__DUPLICATE_METHOD_MATCH = YES;
				"CODE_SIGN_IDENTITY[sdk=iphoneos*]" = "iPhone Developer";
				COPY_PHASE_STRIP = NO;
				DEBUG_INFORMATION_FORMAT = "dwarf-with-dsym";
				ENABLE_NS_ASSERTIONS = NO;
				ENABLE_STRICT_OBJC_MSGSEND = YES;
				GCC_C_LANGUAGE_STANDARD = gnu99;
				GCC_NO_COMMON_BLOCKS = YES;
				GCC_WARN_64_TO_32_BIT_CONVERSION = YES;
				GCC_WARN_ABOUT_RETURN_TYPE = YES_ERROR;
				GCC_WARN_UNDECLARED_SELECTOR = YES;
				GCC_WARN_UNINITIALIZED_AUTOS = YES_AGGRESSIVE;
				GCC_WARN_UNUSED_FUNCTION = YES;
				GCC_WARN_UNUSED_VARIABLE = YES;
				IPHONEOS_DEPLOYMENT_TARGET = 10.2;
				MTL_ENABLE_DEBUG_INFO = NO;
				SDKROOT = iphoneos;
				SWIFT_OPTIMIZATION_LEVEL = "-Owholemodule";
				TARGETED_DEVICE_FAMILY = 2;
				VALIDATE_PRODUCT = YES;
			};
			name = Release;
		};
		E975BDA71E119945008802B3 /* Debug */ = {
			isa = XCBuildConfiguration;
			buildSettings = {
				ASSETCATALOG_COMPILER_APPICON_NAME = AppIcon;
				DEVELOPMENT_TEAM = X9M5Y5BW7N;
				INFOPLIST_FILE = Project27/Info.plist;
				LD_RUNPATH_SEARCH_PATHS = "$(inherited) @executable_path/Frameworks";
				PRODUCT_BUNDLE_IDENTIFIER = com.devfountain.Project27;
				PRODUCT_NAME = "$(TARGET_NAME)";
				SWIFT_VERSION = 3.0;
			};
			name = Debug;
		};
		E975BDA81E119945008802B3 /* Release */ = {
			isa = XCBuildConfiguration;
			buildSettings = {
				ASSETCATALOG_COMPILER_APPICON_NAME = AppIcon;
				DEVELOPMENT_TEAM = X9M5Y5BW7N;
				INFOPLIST_FILE = Project27/Info.plist;
				LD_RUNPATH_SEARCH_PATHS = "$(inherited) @executable_path/Frameworks";
				PRODUCT_BUNDLE_IDENTIFIER = com.devfountain.Project27;
				PRODUCT_NAME = "$(TARGET_NAME)";
				SWIFT_VERSION = 3.0;
			};
			name = Release;
		};
/* End XCBuildConfiguration section */

/* Begin XCConfigurationList section */
		E975BD8F1E119944008802B3 /* Build configuration list for PBXProject "Project27" */ = {
			isa = XCConfigurationList;
			buildConfigurations = (
				E975BDA41E119945008802B3 /* Debug */,
				E975BDA51E119945008802B3 /* Release */,
			);
			defaultConfigurationIsVisible = 0;
			defaultConfigurationName = Release;
		};
		E975BDA61E119945008802B3 /* Build configuration list for PBXNativeTarget "Project27" */ = {
			isa = XCConfigurationList;
			buildConfigurations = (
				E975BDA71E119945008802B3 /* Debug */,
				E975BDA81E119945008802B3 /* Release */,
			);
			defaultConfigurationIsVisible = 0;
		};
/* End XCConfigurationList section */
	};
	rootObject = E975BD8C1E119944008802B3 /* Project object */;
}
